
Microsoft Visual Studio Solution File, Format Version 12.00
# Visual Studio Version 17
VisualStudioVersion = 17.13.36105.23 d17.13
MinimumVisualStudioVersion = 10.0.40219.1
Project("{FAE04EC0-301F-11D3-BF4B-00C04F79EFBC}") = "ServerBackgroundManager", "ServerBackgroundManager.csproj", "{8F6F94BE-0582-4748-9BB2-8F1930B6CF57}"
EndProject
Global
	GlobalSection(SolutionConfigurationPlatforms) = preSolution
		Debug|Any CPU = Debug|Any CPU
		Release|Any CPU = Release|Any CPU
	EndGlobalSection
	GlobalSection(ProjectConfigurationPlatforms) = postSolution
		{8F6F94BE-0582-4748-9BB2-8F1930B6CF57}.Debug|Any CPU.ActiveCfg = Debug|Any CPU
		{8F6F94BE-0582-4748-9BB2-8F1930B6CF57}.Debug|Any CPU.Build.0 = Debug|Any CPU
		{8F6F94BE-0582-4748-9BB2-8F1930B6CF57}.Release|Any CPU.ActiveCfg = Release|Any CPU
		{8F6F94BE-0582-4748-9BB2-8F1930B6CF57}.Release|Any CPU.Build.0 = Release|Any CPU
	EndGlobalSection
	GlobalSection(SolutionProperties) = preSolution
		HideSolutionNode = FALSE
	EndGlobalSection
	GlobalSection(ExtensibilityGlobals) = postSolution
		SolutionGuid = {4C50EE3A-ABAB-488A-9F40-546980BFBF46}
	EndGlobalSection
EndGlobal
